
Microsoft Visual Studio Solution File, Format Version 12.00
# Visual Studio Version 17
VisualStudioVersion = 17.2.32516.85
MinimumVisualStudioVersion = 10.0.40219.1
Project("{FAE04EC0-301F-11D3-BF4B-00C04F79EFBC}") = "WebAPI", "WebAPI\WebAPI.csproj", "{520A9D62-8099-4F28-8B02-B61E7236D394}"
EndProject
Project("{FAE04EC0-301F-11D3-BF4B-00C04F79EFBC}") = "TestProject1", "TestProject1\TestProject1.csproj", "{8BBCFD2E-67C5-4E23-81BA-927F5E8B33FB}"
EndProject
Global
	GlobalSection(SolutionConfigurationPlatforms) = preSolution
		Debug|Any CPU = Debug|Any CPU
		Release|Any CPU = Release|Any CPU
	EndGlobalSection
	GlobalSection(ProjectConfigurationPlatforms) = postSolution
		{520A9D62-8099-4F28-8B02-B61E7236D394}.Debug|Any CPU.ActiveCfg = Debug|Any CPU
		{520A9D62-8099-4F28-8B02-B61E7236D394}.Debug|Any CPU.Build.0 = Debug|Any CPU
		{520A9D62-8099-4F28-8B02-B61E7236D394}.Release|Any CPU.ActiveCfg = Release|Any CPU
		{520A9D62-8099-4F28-8B02-B61E7236D394}.Release|Any CPU.Build.0 = Release|Any CPU
		{8BBCFD2E-67C5-4E23-81BA-927F5E8B33FB}.Debug|Any CPU.ActiveCfg = Debug|Any CPU
		{8BBCFD2E-67C5-4E23-81BA-927F5E8B33FB}.Debug|Any CPU.Build.0 = Debug|Any CPU
		{8BBCFD2E-67C5-4E23-81BA-927F5E8B33FB}.Release|Any CPU.ActiveCfg = Release|Any CPU
		{8BBCFD2E-67C5-4E23-81BA-927F5E8B33FB}.Release|Any CPU.Build.0 = Release|Any CPU
	EndGlobalSection
	GlobalSection(SolutionProperties) = preSolution
		HideSolutionNode = FALSE
	EndGlobalSection
	GlobalSection(ExtensibilityGlobals) = postSolution
		SolutionGuid = {CE6914AB-A92D-4507-A3F9-7628D483DFBD}
	EndGlobalSection
EndGlobal
