
Microsoft Visual Studio Solution File, Format Version 12.00
# Visual Studio Version 17
VisualStudioVersion = 17.2.32516.85
MinimumVisualStudioVersion = 10.0.40219.1
Project("{FAE04EC0-301F-11D3-BF4B-00C04F79EFBC}") = "ACH", "ACH\ACH.csproj", "{065C72C6-8EA2-4448-A286-13A519822267}"
EndProject
Global
	GlobalSection(SolutionConfigurationPlatforms) = preSolution
		Debug|Any CPU = Debug|Any CPU
		Release|Any CPU = Release|Any CPU
	EndGlobalSection
	GlobalSection(ProjectConfigurationPlatforms) = postSolution
		{065C72C6-8EA2-4448-A286-13A519822267}.Debug|Any CPU.ActiveCfg = Debug|Any CPU
		{065C72C6-8EA2-4448-A286-13A519822267}.Debug|Any CPU.Build.0 = Debug|Any CPU
		{065C72C6-8EA2-4448-A286-13A519822267}.Release|Any CPU.ActiveCfg = Release|Any CPU
		{065C72C6-8EA2-4448-A286-13A519822267}.Release|Any CPU.Build.0 = Release|Any CPU
	EndGlobalSection
	GlobalSection(SolutionProperties) = preSolution
		HideSolutionNode = FALSE
	EndGlobalSection
	GlobalSection(ExtensibilityGlobals) = postSolution
		SolutionGuid = {44376D07-E605-499A-BC3E-8FA7664F39B0}
	EndGlobalSection
EndGlobal
